
Microsoft Visual Studio Solution File, Format Version 12.00
# Visual Studio Version 16
VisualStudioVersion = 16.0.30907.101
MinimumVisualStudioVersion = 10.0.40219.1
Project("{9A19103F-16F7-4668-BE54-9A1E7A4F7556}") = "consul_test_service", "consul_test_service\consul_test_service.csproj", "{0B0C7A12-62A0-45C8-B329-E1DB100AAD81}"
EndProject
Project("{FAE04EC0-301F-11D3-BF4B-00C04F79EFBC}") = "consul_test_client", "consul_test_client\consul_test_client.csproj", "{CF6FBD8C-68C7-441E-82A0-89AD8A8B81BF}"
EndProject
Global
	GlobalSection(SolutionConfigurationPlatforms) = preSolution
		Debug|Any CPU = Debug|Any CPU
		Release|Any CPU = Release|Any CPU
	EndGlobalSection
	GlobalSection(ProjectConfigurationPlatforms) = postSolution
		{0B0C7A12-62A0-45C8-B329-E1DB100AAD81}.Debug|Any CPU.ActiveCfg = Debug|Any CPU
		{0B0C7A12-62A0-45C8-B329-E1DB100AAD81}.Debug|Any CPU.Build.0 = Debug|Any CPU
		{0B0C7A12-62A0-45C8-B329-E1DB100AAD81}.Release|Any CPU.ActiveCfg = Release|Any CPU
		{0B0C7A12-62A0-45C8-B329-E1DB100AAD81}.Release|Any CPU.Build.0 = Release|Any CPU
		{CF6FBD8C-68C7-441E-82A0-89AD8A8B81BF}.Debug|Any CPU.ActiveCfg = Debug|Any CPU
		{CF6FBD8C-68C7-441E-82A0-89AD8A8B81BF}.Debug|Any CPU.Build.0 = Debug|Any CPU
		{CF6FBD8C-68C7-441E-82A0-89AD8A8B81BF}.Release|Any CPU.ActiveCfg = Release|Any CPU
		{CF6FBD8C-68C7-441E-82A0-89AD8A8B81BF}.Release|Any CPU.Build.0 = Release|Any CPU
	EndGlobalSection
	GlobalSection(SolutionProperties) = preSolution
		HideSolutionNode = FALSE
	EndGlobalSection
	GlobalSection(ExtensibilityGlobals) = postSolution
		SolutionGuid = {82BA2B7C-10F4-4F1F-B12F-854459C0AB85}
	EndGlobalSection
EndGlobal
